
Microsoft Visual Studio Solution File, Format Version 11.00
# Visual Studio 2010
Project("{FAE04EC0-301F-11D3-BF4B-00C04F79EFBC}") = "FindPianos", "FindPianos\FindPianos.csproj", "{49BE8AAB-25EA-4BE2-88AE-831A3A1B5173}"
EndProject
Project("{FAE04EC0-301F-11D3-BF4B-00C04F79EFBC}") = "FindPianos.Tests", "FindPianos.Tests\FindPianos.Tests.csproj", "{8D124DED-9337-41EF-B7D3-C107F24B15A5}"
EndProject
Project("{FAE04EC0-301F-11D3-BF4B-00C04F79EFBC}") = "HttpModules", "HttpModules\HttpModules.csproj", "{7A6C08DD-6F0A-4544-AE8C-9266D23EAEA6}"
EndProject
Global
	GlobalSection(SolutionConfigurationPlatforms) = preSolution
		Debug|Any CPU = Debug|Any CPU
		Release|Any CPU = Release|Any CPU
	EndGlobalSection
	GlobalSection(ProjectConfigurationPlatforms) = postSolution
		{49BE8AAB-25EA-4BE2-88AE-831A3A1B5173}.Debug|Any CPU.ActiveCfg = Debug|Any CPU
		{49BE8AAB-25EA-4BE2-88AE-831A3A1B5173}.Debug|Any CPU.Build.0 = Debug|Any CPU
		{49BE8AAB-25EA-4BE2-88AE-831A3A1B5173}.Release|Any CPU.ActiveCfg = Release|Any CPU
		{49BE8AAB-25EA-4BE2-88AE-831A3A1B5173}.Release|Any CPU.Build.0 = Release|Any CPU
		{8D124DED-9337-41EF-B7D3-C107F24B15A5}.Debug|Any CPU.ActiveCfg = Debug|Any CPU
		{8D124DED-9337-41EF-B7D3-C107F24B15A5}.Debug|Any CPU.Build.0 = Debug|Any CPU
		{8D124DED-9337-41EF-B7D3-C107F24B15A5}.Release|Any CPU.ActiveCfg = Release|Any CPU
		{8D124DED-9337-41EF-B7D3-C107F24B15A5}.Release|Any CPU.Build.0 = Release|Any CPU
		{7A6C08DD-6F0A-4544-AE8C-9266D23EAEA6}.Debug|Any CPU.ActiveCfg = Debug|Any CPU
		{7A6C08DD-6F0A-4544-AE8C-9266D23EAEA6}.Debug|Any CPU.Build.0 = Debug|Any CPU
		{7A6C08DD-6F0A-4544-AE8C-9266D23EAEA6}.Release|Any CPU.ActiveCfg = Release|Any CPU
		{7A6C08DD-6F0A-4544-AE8C-9266D23EAEA6}.Release|Any CPU.Build.0 = Release|Any CPU
	EndGlobalSection
	GlobalSection(SolutionProperties) = preSolution
		HideSolutionNode = FALSE
	EndGlobalSection
EndGlobal
